
Microsoft Visual Studio Solution File, Format Version 12.00
# Visual Studio Version 17
VisualStudioVersion = 17.4.33205.214
MinimumVisualStudioVersion = 10.0.40219.1
Project("{FAE04EC0-301F-11D3-BF4B-00C04F79EFBC}") = "Ex34_hint", "Ex34_hint.csproj", "{50580551-43C3-4DD2-8688-1AC564527F03}"
EndProject
Global
	GlobalSection(SolutionConfigurationPlatforms) = preSolution
		Debug|Any CPU = Debug|Any CPU
		Release|Any CPU = Release|Any CPU
	EndGlobalSection
	GlobalSection(ProjectConfigurationPlatforms) = postSolution
		{50580551-43C3-4DD2-8688-1AC564527F03}.Debug|Any CPU.ActiveCfg = Debug|Any CPU
		{50580551-43C3-4DD2-8688-1AC564527F03}.Debug|Any CPU.Build.0 = Debug|Any CPU
		{50580551-43C3-4DD2-8688-1AC564527F03}.Release|Any CPU.ActiveCfg = Release|Any CPU
		{50580551-43C3-4DD2-8688-1AC564527F03}.Release|Any CPU.Build.0 = Release|Any CPU
	EndGlobalSection
	GlobalSection(SolutionProperties) = preSolution
		HideSolutionNode = FALSE
	EndGlobalSection
	GlobalSection(ExtensibilityGlobals) = postSolution
		SolutionGuid = {21D7D0F8-641A-40F0-992E-24D0DACE3D6E}
	EndGlobalSection
EndGlobal
